// !$*UTF8*$!
{
	archiveVersion = 1;
	classes = {
	};
	objectVersion = 56;
	objects = {

/* Begin PBXBuildFile section */
		1D36E8B42ADB590900EFC9B0 /* dotoriiApp.swift in Sources */ = {isa = PBXBuildFile; fileRef = 1D36E8B32ADB590900EFC9B0 /* dotoriiApp.swift */; };
		1D36E8B62ADB590900EFC9B0 /* ContentView.swift in Sources */ = {isa = PBXBuildFile; fileRef = 1D36E8B52ADB590900EFC9B0 /* ContentView.swift */; };
		1D36E8B82ADB590A00EFC9B0 /* Assets.xcassets in Resources */ = {isa = PBXBuildFile; fileRef = 1D36E8B72ADB590A00EFC9B0 /* Assets.xcassets */; };
		1D36E8BB2ADB590A00EFC9B0 /* Preview Assets.xcassets in Resources */ = {isa = PBXBuildFile; fileRef = 1D36E8BA2ADB590A00EFC9B0 /* Preview Assets.xcassets */; };
		1D36E8C82ADB592200EFC9B0 /* PhotoView.swift in Sources */ = {isa = PBXBuildFile; fileRef = 1D36E8C22ADB592200EFC9B0 /* PhotoView.swift */; };
		1D36E8C92ADB592200EFC9B0 /* CameraView.swift in Sources */ = {isa = PBXBuildFile; fileRef = 1D36E8C32ADB592200EFC9B0 /* CameraView.swift */; };
		1D36E8CA2ADB592200EFC9B0 /* PhotoItemView.swift in Sources */ = {isa = PBXBuildFile; fileRef = 1D36E8C42ADB592200EFC9B0 /* PhotoItemView.swift */; };
		1D36E8CB2ADB592200EFC9B0 /* PhotoCollectionView.swift in Sources */ = {isa = PBXBuildFile; fileRef = 1D36E8C52ADB592200EFC9B0 /* PhotoCollectionView.swift */; };
		1D36E8CC2ADB592200EFC9B0 /* ViewfinderView.swift in Sources */ = {isa = PBXBuildFile; fileRef = 1D36E8C62ADB592200EFC9B0 /* ViewfinderView.swift */; };
		1D36E8CD2ADB592200EFC9B0 /* ThumbnailView.swift in Sources */ = {isa = PBXBuildFile; fileRef = 1D36E8C72ADB592200EFC9B0 /* ThumbnailView.swift */; };
		1D36E8DE2ADB594500EFC9B0 /* OCRVision.swift in Sources */ = {isa = PBXBuildFile; fileRef = 1D36E8DD2ADB594500EFC9B0 /* OCRVision.swift */; };
		1D36E8E02ADB5AA100EFC9B0 /* API.swift in Sources */ = {isa = PBXBuildFile; fileRef = 1D36E8DF2ADB5AA100EFC9B0 /* API.swift */; };
		1D36E8E42ADB617800EFC9B0 /* LangChain in Frameworks */ = {isa = PBXBuildFile; productRef = 1D36E8E32ADB617800EFC9B0 /* LangChain */; };
		1D36E9072ADB7ED500EFC9B0 /* GoogleService-Info.plist in Resources */ = {isa = PBXBuildFile; fileRef = 1D36E9062ADB7ED500EFC9B0 /* GoogleService-Info.plist */; };
		1D36E9102ADB895400EFC9B0 /* DataModel.swift in Sources */ = {isa = PBXBuildFile; fileRef = 1D36E9092ADB895400EFC9B0 /* DataModel.swift */; };
		1D36E9112ADB895400EFC9B0 /* PhotoAssetCollection.swift in Sources */ = {isa = PBXBuildFile; fileRef = 1D36E90A2ADB895400EFC9B0 /* PhotoAssetCollection.swift */; };
		1D36E9122ADB895400EFC9B0 /* CachedImageManager.swift in Sources */ = {isa = PBXBuildFile; fileRef = 1D36E90B2ADB895400EFC9B0 /* CachedImageManager.swift */; };
		1D36E9132ADB895400EFC9B0 /* PhotoCollection.swift in Sources */ = {isa = PBXBuildFile; fileRef = 1D36E90C2ADB895400EFC9B0 /* PhotoCollection.swift */; };
		1D36E9142ADB895400EFC9B0 /* Camera.swift in Sources */ = {isa = PBXBuildFile; fileRef = 1D36E90D2ADB895400EFC9B0 /* Camera.swift */; };
		1D36E9152ADB895400EFC9B0 /* PhotoAsset.swift in Sources */ = {isa = PBXBuildFile; fileRef = 1D36E90E2ADB895400EFC9B0 /* PhotoAsset.swift */; };
		1D36E9162ADB895400EFC9B0 /* PhotoLibrary.swift in Sources */ = {isa = PBXBuildFile; fileRef = 1D36E90F2ADB895400EFC9B0 /* PhotoLibrary.swift */; };
		1D36E9192ADBE20C00EFC9B0 /* OpenAI in Frameworks */ = {isa = PBXBuildFile; productRef = 1D36E9182ADBE20C00EFC9B0 /* OpenAI */; };
/* End PBXBuildFile section */

/* Begin PBXFileReference section */
		1D36E8B02ADB590900EFC9B0 /* dotorii.app */ = {isa = PBXFileReference; explicitFileType = wrapper.application; includeInIndex = 0; path = dotorii.app; sourceTree = BUILT_PRODUCTS_DIR; };
		1D36E8B32ADB590900EFC9B0 /* dotoriiApp.swift */ = {isa = PBXFileReference; lastKnownFileType = sourcecode.swift; path = dotoriiApp.swift; sourceTree = "<group>"; };
		1D36E8B52ADB590900EFC9B0 /* ContentView.swift */ = {isa = PBXFileReference; lastKnownFileType = sourcecode.swift; path = ContentView.swift; sourceTree = "<group>"; };
		1D36E8B72ADB590A00EFC9B0 /* Assets.xcassets */ = {isa = PBXFileReference; lastKnownFileType = folder.assetcatalog; path = Assets.xcassets; sourceTree = "<group>"; };
		1D36E8BA2ADB590A00EFC9B0 /* Preview Assets.xcassets */ = {isa = PBXFileReference; lastKnownFileType = folder.assetcatalog; path = "Preview Assets.xcassets"; sourceTree = "<group>"; };
		1D36E8C22ADB592200EFC9B0 /* PhotoView.swift */ = {isa = PBXFileReference; fileEncoding = 4; lastKnownFileType = sourcecode.swift; path = PhotoView.swift; sourceTree = "<group>"; };
		1D36E8C32ADB592200EFC9B0 /* CameraView.swift */ = {isa = PBXFileReference; fileEncoding = 4; lastKnownFileType = sourcecode.swift; path = CameraView.swift; sourceTree = "<group>"; };
		1D36E8C42ADB592200EFC9B0 /* PhotoItemView.swift */ = {isa = PBXFileReference; fileEncoding = 4; lastKnownFileType = sourcecode.swift; path = PhotoItemView.swift; sourceTree = "<group>"; };
		1D36E8C52ADB592200EFC9B0 /* PhotoCollectionView.swift */ = {isa = PBXFileReference; fileEncoding = 4; lastKnownFileType = sourcecode.swift; path = PhotoCollectionView.swift; sourceTree = "<group>"; };
		1D36E8C62ADB592200EFC9B0 /* ViewfinderView.swift */ = {isa = PBXFileReference; fileEncoding = 4; lastKnownFileType = sourcecode.swift; path = ViewfinderView.swift; sourceTree = "<group>"; };
		1D36E8C72ADB592200EFC9B0 /* ThumbnailView.swift */ = {isa = PBXFileReference; fileEncoding = 4; lastKnownFileType = sourcecode.swift; path = ThumbnailView.swift; sourceTree = "<group>"; };
		1D36E8DD2ADB594500EFC9B0 /* OCRVision.swift */ = {isa = PBXFileReference; fileEncoding = 4; lastKnownFileType = sourcecode.swift; path = OCRVision.swift; sourceTree = "<group>"; };
		1D36E8DF2ADB5AA100EFC9B0 /* API.swift */ = {isa = PBXFileReference; fileEncoding = 4; lastKnownFileType = sourcecode.swift; path = API.swift; sourceTree = "<group>"; };
		1D36E8E12ADB5E8100EFC9B0 /* env.txt */ = {isa = PBXFileReference; lastKnownFileType = text; path = env.txt; sourceTree = "<group>"; };
		1D36E9062ADB7ED500EFC9B0 /* GoogleService-Info.plist */ = {isa = PBXFileReference; fileEncoding = 4; lastKnownFileType = text.plist.xml; path = "GoogleService-Info.plist"; sourceTree = "<group>"; };
		1D36E9092ADB895400EFC9B0 /* DataModel.swift */ = {isa = PBXFileReference; fileEncoding = 4; lastKnownFileType = sourcecode.swift; path = DataModel.swift; sourceTree = "<group>"; };
		1D36E90A2ADB895400EFC9B0 /* PhotoAssetCollection.swift */ = {isa = PBXFileReference; fileEncoding = 4; lastKnownFileType = sourcecode.swift; path = PhotoAssetCollection.swift; sourceTree = "<group>"; };
		1D36E90B2ADB895400EFC9B0 /* CachedImageManager.swift */ = {isa = PBXFileReference; fileEncoding = 4; lastKnownFileType = sourcecode.swift; path = CachedImageManager.swift; sourceTree = "<group>"; };
		1D36E90C2ADB895400EFC9B0 /* PhotoCollection.swift */ = {isa = PBXFileReference; fileEncoding = 4; lastKnownFileType = sourcecode.swift; path = PhotoCollection.swift; sourceTree = "<group>"; };
		1D36E90D2ADB895400EFC9B0 /* Camera.swift */ = {isa = PBXFileReference; fileEncoding = 4; lastKnownFileType = sourcecode.swift; path = Camera.swift; sourceTree = "<group>"; };
		1D36E90E2ADB895400EFC9B0 /* PhotoAsset.swift */ = {isa = PBXFileReference; fileEncoding = 4; lastKnownFileType = sourcecode.swift; path = PhotoAsset.swift; sourceTree = "<group>"; };
		1D36E90F2ADB895400EFC9B0 /* PhotoLibrary.swift */ = {isa = PBXFileReference; fileEncoding = 4; lastKnownFileType = sourcecode.swift; path = PhotoLibrary.swift; sourceTree = "<group>"; };
/* End PBXFileReference section */

/* Begin PBXFrameworksBuildPhase section */
		1D36E8AD2ADB590900EFC9B0 /* Frameworks */ = {
			isa = PBXFrameworksBuildPhase;
			buildActionMask = 2147483647;
			files = (
				1D36E9192ADBE20C00EFC9B0 /* OpenAI in Frameworks */,
				1D36E8E42ADB617800EFC9B0 /* LangChain in Frameworks */,
			);
			runOnlyForDeploymentPostprocessing = 0;
		};
/* End PBXFrameworksBuildPhase section */

/* Begin PBXGroup section */
		1D36E8A72ADB590900EFC9B0 = {
			isa = PBXGroup;
			children = (
				1D36E9062ADB7ED500EFC9B0 /* GoogleService-Info.plist */,
				1D36E8B22ADB590900EFC9B0 /* dotorii */,
				1D36E8B12ADB590900EFC9B0 /* Products */,
			);
			sourceTree = "<group>";
		};
		1D36E8B12ADB590900EFC9B0 /* Products */ = {
			isa = PBXGroup;
			children = (
				1D36E8B02ADB590900EFC9B0 /* dotorii.app */,
			);
			name = Products;
			sourceTree = "<group>";
		};
		1D36E8B22ADB590900EFC9B0 /* dotorii */ = {
			isa = PBXGroup;
			children = (
				1D36E9082ADB895400EFC9B0 /* Camera */,
				1D36E9032ADB78D800EFC9B0 /* AI */,
				1D36E8C12ADB592200EFC9B0 /* Camera View */,
				1D36E8B32ADB590900EFC9B0 /* dotoriiApp.swift */,
				1D36E8B52ADB590900EFC9B0 /* ContentView.swift */,
				1D36E8B72ADB590A00EFC9B0 /* Assets.xcassets */,
				1D36E8B92ADB590A00EFC9B0 /* Preview Content */,
				1D36E8E12ADB5E8100EFC9B0 /* env.txt */,
			);
			path = dotorii;
			sourceTree = "<group>";
		};
		1D36E8B92ADB590A00EFC9B0 /* Preview Content */ = {
			isa = PBXGroup;
			children = (
				1D36E8BA2ADB590A00EFC9B0 /* Preview Assets.xcassets */,
			);
			path = "Preview Content";
			sourceTree = "<group>";
		};
		1D36E8C12ADB592200EFC9B0 /* Camera View */ = {
			isa = PBXGroup;
			children = (
				1D36E8C22ADB592200EFC9B0 /* PhotoView.swift */,
				1D36E8C32ADB592200EFC9B0 /* CameraView.swift */,
				1D36E8C42ADB592200EFC9B0 /* PhotoItemView.swift */,
				1D36E8C52ADB592200EFC9B0 /* PhotoCollectionView.swift */,
				1D36E8C62ADB592200EFC9B0 /* ViewfinderView.swift */,
				1D36E8C72ADB592200EFC9B0 /* ThumbnailView.swift */,
			);
			path = "Camera View";
			sourceTree = "<group>";
		};
		1D36E9032ADB78D800EFC9B0 /* AI */ = {
			isa = PBXGroup;
			children = (
				1D36E8DF2ADB5AA100EFC9B0 /* API.swift */,
				1D36E8DD2ADB594500EFC9B0 /* OCRVision.swift */,
			);
			path = AI;
			sourceTree = "<group>";
		};
		1D36E9082ADB895400EFC9B0 /* Camera */ = {
			isa = PBXGroup;
			children = (
				1D36E9092ADB895400EFC9B0 /* DataModel.swift */,
				1D36E90A2ADB895400EFC9B0 /* PhotoAssetCollection.swift */,
				1D36E90B2ADB895400EFC9B0 /* CachedImageManager.swift */,
				1D36E90C2ADB895400EFC9B0 /* PhotoCollection.swift */,
				1D36E90D2ADB895400EFC9B0 /* Camera.swift */,
				1D36E90E2ADB895400EFC9B0 /* PhotoAsset.swift */,
				1D36E90F2ADB895400EFC9B0 /* PhotoLibrary.swift */,
			);
			path = Camera;
			sourceTree = "<group>";
		};
/* End PBXGroup section */

/* Begin PBXNativeTarget section */
		1D36E8AF2ADB590900EFC9B0 /* dotorii */ = {
			isa = PBXNativeTarget;
			buildConfigurationList = 1D36E8BE2ADB590A00EFC9B0 /* Build configuration list for PBXNativeTarget "dotorii" */;
			buildPhases = (
				1D36E8AC2ADB590900EFC9B0 /* Sources */,
				1D36E8AD2ADB590900EFC9B0 /* Frameworks */,
				1D36E8AE2ADB590900EFC9B0 /* Resources */,
			);
			buildRules = (
			);
			dependencies = (
			);
			name = dotorii;
			packageProductDependencies = (
				1D36E8E32ADB617800EFC9B0 /* LangChain */,
				1D36E9182ADBE20C00EFC9B0 /* OpenAI */,
			);
			productName = dotorii;
			productReference = 1D36E8B02ADB590900EFC9B0 /* dotorii.app */;
			productType = "com.apple.product-type.application";
		};
/* End PBXNativeTarget section */

/* Begin PBXProject section */
		1D36E8A82ADB590900EFC9B0 /* Project object */ = {
			isa = PBXProject;
			attributes = {
				BuildIndependentTargetsInParallel = 1;
				LastSwiftUpdateCheck = 1430;
				LastUpgradeCheck = 1430;
				TargetAttributes = {
					1D36E8AF2ADB590900EFC9B0 = {
						CreatedOnToolsVersion = 14.3.1;
					};
				};
			};
			buildConfigurationList = 1D36E8AB2ADB590900EFC9B0 /* Build configuration list for PBXProject "dotorii" */;
			compatibilityVersion = "Xcode 14.0";
			developmentRegion = en;
			hasScannedForEncodings = 0;
			knownRegions = (
				en,
				Base,
			);
			mainGroup = 1D36E8A72ADB590900EFC9B0;
			packageReferences = (
				1D36E8E22ADB617800EFC9B0 /* XCRemoteSwiftPackageReference "langchain-swift" */,
				1D36E9172ADBE20C00EFC9B0 /* XCRemoteSwiftPackageReference "OpenAI" */,
			);
			productRefGroup = 1D36E8B12ADB590900EFC9B0 /* Products */;
			projectDirPath = "";
			projectRoot = "";
			targets = (
				1D36E8AF2ADB590900EFC9B0 /* dotorii */,
			);
		};
/* End PBXProject section */

/* Begin PBXResourcesBuildPhase section */
		1D36E8AE2ADB590900EFC9B0 /* Resources */ = {
			isa = PBXResourcesBuildPhase;
			buildActionMask = 2147483647;
			files = (
				1D36E8BB2ADB590A00EFC9B0 /* Preview Assets.xcassets in Resources */,
				1D36E8B82ADB590A00EFC9B0 /* Assets.xcassets in Resources */,
				1D36E9072ADB7ED500EFC9B0 /* GoogleService-Info.plist in Resources */,
			);
			runOnlyForDeploymentPostprocessing = 0;
		};
/* End PBXResourcesBuildPhase section */

/* Begin PBXSourcesBuildPhase section */
		1D36E8AC2ADB590900EFC9B0 /* Sources */ = {
			isa = PBXSourcesBuildPhase;
			buildActionMask = 2147483647;
			files = (
				1D36E9122ADB895400EFC9B0 /* CachedImageManager.swift in Sources */,
				1D36E9162ADB895400EFC9B0 /* PhotoLibrary.swift in Sources */,
				1D36E8CA2ADB592200EFC9B0 /* PhotoItemView.swift in Sources */,
				1D36E9132ADB895400EFC9B0 /* PhotoCollection.swift in Sources */,
				1D36E8C82ADB592200EFC9B0 /* PhotoView.swift in Sources */,
				1D36E9102ADB895400EFC9B0 /* DataModel.swift in Sources */,
				1D36E9152ADB895400EFC9B0 /* PhotoAsset.swift in Sources */,
				1D36E8B62ADB590900EFC9B0 /* ContentView.swift in Sources */,
				1D36E8B42ADB590900EFC9B0 /* dotoriiApp.swift in Sources */,
				1D36E8DE2ADB594500EFC9B0 /* OCRVision.swift in Sources */,
				1D36E8C92ADB592200EFC9B0 /* CameraView.swift in Sources */,
				1D36E9112ADB895400EFC9B0 /* PhotoAssetCollection.swift in Sources */,
				1D36E8CD2ADB592200EFC9B0 /* ThumbnailView.swift in Sources */,
				1D36E9142ADB895400EFC9B0 /* Camera.swift in Sources */,
				1D36E8CB2ADB592200EFC9B0 /* PhotoCollectionView.swift in Sources */,
				1D36E8CC2ADB592200EFC9B0 /* ViewfinderView.swift in Sources */,
				1D36E8E02ADB5AA100EFC9B0 /* API.swift in Sources */,
			);
			runOnlyForDeploymentPostprocessing = 0;
		};
/* End PBXSourcesBuildPhase section */

/* Begin XCBuildConfiguration section */
		1D36E8BC2ADB590A00EFC9B0 /* Debug */ = {
			isa = XCBuildConfiguration;
			buildSettings = {
				ALWAYS_SEARCH_USER_PATHS = NO;
				CLANG_ANALYZER_NONNULL = YES;
				CLANG_ANALYZER_NUMBER_OBJECT_CONVERSION = YES_AGGRESSIVE;
				CLANG_CXX_LANGUAGE_STANDARD = "gnu++20";
				CLANG_ENABLE_MODULES = YES;
				CLANG_ENABLE_OBJC_ARC = YES;
				CLANG_ENABLE_OBJC_WEAK = YES;
				CLANG_WARN_BLOCK_CAPTURE_AUTORELEASING = YES;
				CLANG_WARN_BOOL_CONVERSION = YES;
				CLANG_WARN_COMMA = YES;
				CLANG_WARN_CONSTANT_CONVERSION = YES;
				CLANG_WARN_DEPRECATED_OBJC_IMPLEMENTATIONS = YES;
				CLANG_WARN_DIRECT_OBJC_ISA_USAGE = YES_ERROR;
				CLANG_WARN_DOCUMENTATION_COMMENTS = YES;
				CLANG_WARN_EMPTY_BODY = YES;
				CLANG_WARN_ENUM_CONVERSION = YES;
				CLANG_WARN_INFINITE_RECURSION = YES;
				CLANG_WARN_INT_CONVERSION = YES;
				CLANG_WARN_NON_LITERAL_NULL_CONVERSION = YES;
				CLANG_WARN_OBJC_IMPLICIT_RETAIN_SELF = YES;
				CLANG_WARN_OBJC_LITERAL_CONVERSION = YES;
				CLANG_WARN_OBJC_ROOT_CLASS = YES_ERROR;
				CLANG_WARN_QUOTED_INCLUDE_IN_FRAMEWORK_HEADER = YES;
				CLANG_WARN_RANGE_LOOP_ANALYSIS = YES;
				CLANG_WARN_STRICT_PROTOTYPES = YES;
				CLANG_WARN_SUSPICIOUS_MOVE = YES;
				CLANG_WARN_UNGUARDED_AVAILABILITY = YES_AGGRESSIVE;
				CLANG_WARN_UNREACHABLE_CODE = YES;
				CLANG_WARN__DUPLICATE_METHOD_MATCH = YES;
				COPY_PHASE_STRIP = NO;
				DEBUG_INFORMATION_FORMAT = dwarf;
				ENABLE_STRICT_OBJC_MSGSEND = YES;
				ENABLE_TESTABILITY = YES;
				GCC_C_LANGUAGE_STANDARD = gnu11;
				GCC_DYNAMIC_NO_PIC = NO;
				GCC_NO_COMMON_BLOCKS = YES;
				GCC_OPTIMIZATION_LEVEL = 0;
				GCC_PREPROCESSOR_DEFINITIONS = (
					"DEBUG=1",
					"$(inherited)",
				);
				GCC_WARN_64_TO_32_BIT_CONVERSION = YES;
				GCC_WARN_ABOUT_RETURN_TYPE = YES_ERROR;
				GCC_WARN_UNDECLARED_SELECTOR = YES;
				GCC_WARN_UNINITIALIZED_AUTOS = YES_AGGRESSIVE;
				GCC_WARN_UNUSED_FUNCTION = YES;
				GCC_WARN_UNUSED_VARIABLE = YES;
				IPHONEOS_DEPLOYMENT_TARGET = 16.4;
				MTL_ENABLE_DEBUG_INFO = INCLUDE_SOURCE;
				MTL_FAST_MATH = YES;
				ONLY_ACTIVE_ARCH = YES;
				SDKROOT = iphoneos;
				SWIFT_ACTIVE_COMPILATION_CONDITIONS = DEBUG;
				SWIFT_OPTIMIZATION_LEVEL = "-Onone";
			};
			name = Debug;
		};
		1D36E8BD2ADB590A00EFC9B0 /* Release */ = {
			isa = XCBuildConfiguration;
			buildSettings = {
				ALWAYS_SEARCH_USER_PATHS = NO;
				CLANG_ANALYZER_NONNULL = YES;
				CLANG_ANALYZER_NUMBER_OBJECT_CONVERSION = YES_AGGRESSIVE;
				CLANG_CXX_LANGUAGE_STANDARD = "gnu++20";
				CLANG_ENABLE_MODULES = YES;
				CLANG_ENABLE_OBJC_ARC = YES;
				CLANG_ENABLE_OBJC_WEAK = YES;
				CLANG_WARN_BLOCK_CAPTURE_AUTORELEASING = YES;
				CLANG_WARN_BOOL_CONVERSION = YES;
				CLANG_WARN_COMMA = YES;
				CLANG_WARN_CONSTANT_CONVERSION = YES;
				CLANG_WARN_DEPRECATED_OBJC_IMPLEMENTATIONS = YES;
				CLANG_WARN_DIRECT_OBJC_ISA_USAGE = YES_ERROR;
				CLANG_WARN_DOCUMENTATION_COMMENTS = YES;
				CLANG_WARN_EMPTY_BODY = YES;
				CLANG_WARN_ENUM_CONVERSION = YES;
				CLANG_WARN_INFINITE_RECURSION = YES;
				CLANG_WARN_INT_CONVERSION = YES;
				CLANG_WARN_NON_LITERAL_NULL_CONVERSION = YES;
				CLANG_WARN_OBJC_IMPLICIT_RETAIN_SELF = YES;
				CLANG_WARN_OBJC_LITERAL_CONVERSION = YES;
				CLANG_WARN_OBJC_ROOT_CLASS = YES_ERROR;
				CLANG_WARN_QUOTED_INCLUDE_IN_FRAMEWORK_HEADER = YES;
				CLANG_WARN_RANGE_LOOP_ANALYSIS = YES;
				CLANG_WARN_STRICT_PROTOTYPES = YES;
				CLANG_WARN_SUSPICIOUS_MOVE = YES;
				CLANG_WARN_UNGUARDED_AVAILABILITY = YES_AGGRESSIVE;
				CLANG_WARN_UNREACHABLE_CODE = YES;
				CLANG_WARN__DUPLICATE_METHOD_MATCH = YES;
				COPY_PHASE_STRIP = NO;
				DEBUG_INFORMATION_FORMAT = "dwarf-with-dsym";
				ENABLE_NS_ASSERTIONS = NO;
				ENABLE_STRICT_OBJC_MSGSEND = YES;
				GCC_C_LANGUAGE_STANDARD = gnu11;
				GCC_NO_COMMON_BLOCKS = YES;
				GCC_WARN_64_TO_32_BIT_CONVERSION = YES;
				GCC_WARN_ABOUT_RETURN_TYPE = YES_ERROR;
				GCC_WARN_UNDECLARED_SELECTOR = YES;
				GCC_WARN_UNINITIALIZED_AUTOS = YES_AGGRESSIVE;
				GCC_WARN_UNUSED_FUNCTION = YES;
				GCC_WARN_UNUSED_VARIABLE = YES;
				IPHONEOS_DEPLOYMENT_TARGET = 16.4;
				MTL_ENABLE_DEBUG_INFO = NO;
				MTL_FAST_MATH = YES;
				SDKROOT = iphoneos;
				SWIFT_COMPILATION_MODE = wholemodule;
				SWIFT_OPTIMIZATION_LEVEL = "-O";
				VALIDATE_PRODUCT = YES;
			};
			name = Release;
		};
		1D36E8BF2ADB590A00EFC9B0 /* Debug */ = {
			isa = XCBuildConfiguration;
			buildSettings = {
				ASSETCATALOG_COMPILER_APPICON_NAME = AppIcon;
				ASSETCATALOG_COMPILER_GLOBAL_ACCENT_COLOR_NAME = AccentColor;
				CODE_SIGN_STYLE = Automatic;
				CURRENT_PROJECT_VERSION = 1;
				DEVELOPMENT_ASSET_PATHS = "\"dotorii/Preview Content\"";
				DEVELOPMENT_TEAM = 7BYH4HTJ4D;
				ENABLE_PREVIEWS = YES;
				GENERATE_INFOPLIST_FILE = YES;
				INFOPLIST_KEY_NSCameraUsageDescription = "App requires Camera to scan posters and QR codes";
				INFOPLIST_KEY_NSPhotoLibraryUsageDescription = "App requires to save images";
				INFOPLIST_KEY_UIApplicationSceneManifest_Generation = YES;
				INFOPLIST_KEY_UIApplicationSupportsIndirectInputEvents = YES;
				INFOPLIST_KEY_UILaunchScreen_Generation = YES;
				INFOPLIST_KEY_UISupportedInterfaceOrientations_iPad = "UIInterfaceOrientationPortrait UIInterfaceOrientationPortraitUpsideDown UIInterfaceOrientationLandscapeLeft UIInterfaceOrientationLandscapeRight";
				INFOPLIST_KEY_UISupportedInterfaceOrientations_iPhone = "UIInterfaceOrientationPortrait UIInterfaceOrientationLandscapeLeft UIInterfaceOrientationLandscapeRight";
				LD_RUNPATH_SEARCH_PATHS = (
					"$(inherited)",
					"@executable_path/Frameworks",
				);
				MARKETING_VERSION = 1.0;
				PRODUCT_BUNDLE_IDENTIFIER = com.LLucas.dotorii;
				PRODUCT_NAME = "$(TARGET_NAME)";
				SWIFT_EMIT_LOC_STRINGS = YES;
				SWIFT_VERSION = 5.0;
				TARGETED_DEVICE_FAMILY = "1,2";
			};
			name = Debug;
		};
		1D36E8C02ADB590A00EFC9B0 /* Release */ = {
			isa = XCBuildConfiguration;
			buildSettings = {
				ASSETCATALOG_COMPILER_APPICON_NAME = AppIcon;
				ASSETCATALOG_COMPILER_GLOBAL_ACCENT_COLOR_NAME = AccentColor;
				CODE_SIGN_STYLE = Automatic;
				CURRENT_PROJECT_VERSION = 1;
				DEVELOPMENT_ASSET_PATHS = "\"dotorii/Preview Content\"";
				DEVELOPMENT_TEAM = 7BYH4HTJ4D;
				ENABLE_PREVIEWS = YES;
				GENERATE_INFOPLIST_FILE = YES;
				INFOPLIST_KEY_NSCameraUsageDescription = "App requires Camera to scan posters and QR codes";
				INFOPLIST_KEY_NSPhotoLibraryUsageDescription = "App requires to save images";
				INFOPLIST_KEY_UIApplicationSceneManifest_Generation = YES;
				INFOPLIST_KEY_UIApplicationSupportsIndirectInputEvents = YES;
				INFOPLIST_KEY_UILaunchScreen_Generation = YES;
				INFOPLIST_KEY_UISupportedInterfaceOrientations_iPad = "UIInterfaceOrientationPortrait UIInterfaceOrientationPortraitUpsideDown UIInterfaceOrientationLandscapeLeft UIInterfaceOrientationLandscapeRight";
				INFOPLIST_KEY_UISupportedInterfaceOrientations_iPhone = "UIInterfaceOrientationPortrait UIInterfaceOrientationLandscapeLeft UIInterfaceOrientationLandscapeRight";
				LD_RUNPATH_SEARCH_PATHS = (
					"$(inherited)",
					"@executable_path/Frameworks",
				);
				MARKETING_VERSION = 1.0;
				PRODUCT_BUNDLE_IDENTIFIER = com.LLucas.dotorii;
				PRODUCT_NAME = "$(TARGET_NAME)";
				SWIFT_EMIT_LOC_STRINGS = YES;
				SWIFT_VERSION = 5.0;
				TARGETED_DEVICE_FAMILY = "1,2";
			};
			name = Release;
		};
/* End XCBuildConfiguration section */

/* Begin XCConfigurationList section */
		1D36E8AB2ADB590900EFC9B0 /* Build configuration list for PBXProject "dotorii" */ = {
			isa = XCConfigurationList;
			buildConfigurations = (
				1D36E8BC2ADB590A00EFC9B0 /* Debug */,
				1D36E8BD2ADB590A00EFC9B0 /* Release */,
			);
			defaultConfigurationIsVisible = 0;
			defaultConfigurationName = Release;
		};
		1D36E8BE2ADB590A00EFC9B0 /* Build configuration list for PBXNativeTarget "dotorii" */ = {
			isa = XCConfigurationList;
			buildConfigurations = (
				1D36E8BF2ADB590A00EFC9B0 /* Debug */,
				1D36E8C02ADB590A00EFC9B0 /* Release */,
			);
			defaultConfigurationIsVisible = 0;
			defaultConfigurationName = Release;
		};
/* End XCConfigurationList section */

/* Begin XCRemoteSwiftPackageReference section */
		1D36E8E22ADB617800EFC9B0 /* XCRemoteSwiftPackageReference "langchain-swift" */ = {
			isa = XCRemoteSwiftPackageReference;
			repositoryURL = "https://github.com/buhe/langchain-swift.git";
			requirement = {
				kind = upToNextMajorVersion;
				minimumVersion = 0.27.0;
			};
		};
		1D36E9172ADBE20C00EFC9B0 /* XCRemoteSwiftPackageReference "OpenAI" */ = {
			isa = XCRemoteSwiftPackageReference;
			repositoryURL = "https://github.com/MacPaw/OpenAI.git";
			requirement = {
				kind = upToNextMajorVersion;
				minimumVersion = 0.2.4;
			};
		};
/* End XCRemoteSwiftPackageReference section */

/* Begin XCSwiftPackageProductDependency section */
		1D36E8E32ADB617800EFC9B0 /* LangChain */ = {
			isa = XCSwiftPackageProductDependency;
			package = 1D36E8E22ADB617800EFC9B0 /* XCRemoteSwiftPackageReference "langchain-swift" */;
			productName = LangChain;
		};
		1D36E9182ADBE20C00EFC9B0 /* OpenAI */ = {
			isa = XCSwiftPackageProductDependency;
			package = 1D36E9172ADBE20C00EFC9B0 /* XCRemoteSwiftPackageReference "OpenAI" */;
			productName = OpenAI;
		};
/* End XCSwiftPackageProductDependency section */
	};
	rootObject = 1D36E8A82ADB590900EFC9B0 /* Project object */;
}
